
Microsoft Visual Studio Solution File, Format Version 12.00
# Visual Studio Version 17
VisualStudioVersion = 17.11.35327.3
MinimumVisualStudioVersion = 10.0.40219.1
Project("{9A19103F-16F7-4668-BE54-9A1E7A4F7556}") = "LangDetect", "LangDetect\LangDetect.csproj", "{8FF945B9-ECF8-4B33-B31A-1F369BD08525}"
EndProject
Project("{9A19103F-16F7-4668-BE54-9A1E7A4F7556}") = "LangDetect.Tests", "LangDetect.Tests\LangDetect.Tests.csproj", "{88C0F00E-F1A6-4100-8A89-BD024A113360}"
EndProject
Project("{9A19103F-16F7-4668-BE54-9A1E7A4F7556}") = "LangDetect.Sandbox", "LangDetect.Sandbox\LangDetect.Sandbox.csproj", "{F467C103-5EEA-404E-9A91-BBDB76D35C9C}"
EndProject
Project("{FAE04EC0-301F-11D3-BF4B-00C04F79EFBC}") = "LangDetect.TrigramGenerator", "LangDetect.TrigramGenerator\LangDetect.TrigramGenerator.csproj", "{9F1C2B51-74B5-4865-B7F7-14746AEE2DEE}"
EndProject
Global
	GlobalSection(SolutionConfigurationPlatforms) = preSolution
		Debug|Any CPU = Debug|Any CPU
		Release|Any CPU = Release|Any CPU
	EndGlobalSection
	GlobalSection(ProjectConfigurationPlatforms) = postSolution
		{8FF945B9-ECF8-4B33-B31A-1F369BD08525}.Debug|Any CPU.ActiveCfg = Debug|Any CPU
		{8FF945B9-ECF8-4B33-B31A-1F369BD08525}.Debug|Any CPU.Build.0 = Debug|Any CPU
		{8FF945B9-ECF8-4B33-B31A-1F369BD08525}.Release|Any CPU.ActiveCfg = Release|Any CPU
		{8FF945B9-ECF8-4B33-B31A-1F369BD08525}.Release|Any CPU.Build.0 = Release|Any CPU
		{88C0F00E-F1A6-4100-8A89-BD024A113360}.Debug|Any CPU.ActiveCfg = Debug|Any CPU
		{88C0F00E-F1A6-4100-8A89-BD024A113360}.Debug|Any CPU.Build.0 = Debug|Any CPU
		{88C0F00E-F1A6-4100-8A89-BD024A113360}.Release|Any CPU.ActiveCfg = Release|Any CPU
		{88C0F00E-F1A6-4100-8A89-BD024A113360}.Release|Any CPU.Build.0 = Release|Any CPU
		{F467C103-5EEA-404E-9A91-BBDB76D35C9C}.Debug|Any CPU.ActiveCfg = Debug|Any CPU
		{F467C103-5EEA-404E-9A91-BBDB76D35C9C}.Debug|Any CPU.Build.0 = Debug|Any CPU
		{F467C103-5EEA-404E-9A91-BBDB76D35C9C}.Release|Any CPU.ActiveCfg = Release|Any CPU
		{F467C103-5EEA-404E-9A91-BBDB76D35C9C}.Release|Any CPU.Build.0 = Release|Any CPU
		{9F1C2B51-74B5-4865-B7F7-14746AEE2DEE}.Debug|Any CPU.ActiveCfg = Debug|Any CPU
		{9F1C2B51-74B5-4865-B7F7-14746AEE2DEE}.Debug|Any CPU.Build.0 = Debug|Any CPU
		{9F1C2B51-74B5-4865-B7F7-14746AEE2DEE}.Release|Any CPU.ActiveCfg = Release|Any CPU
		{9F1C2B51-74B5-4865-B7F7-14746AEE2DEE}.Release|Any CPU.Build.0 = Release|Any CPU
	EndGlobalSection
	GlobalSection(SolutionProperties) = preSolution
		HideSolutionNode = FALSE
	EndGlobalSection
	GlobalSection(ExtensibilityGlobals) = postSolution
		SolutionGuid = {D4567429-CA75-48D5-AE14-9334E7A5E9AC}
	EndGlobalSection
EndGlobal
